// !$*UTF8*$!
{
	archiveVersion = 1;
	classes = {
	};
	objectVersion = 48;
	objects = {

/* Begin PBXBuildFile section */
		322406191FF711BD0073555B /* AddWalletViewController.swift in Sources */ = {isa = PBXBuildFile; fileRef = 322406181FF711BD0073555B /* AddWalletViewController.swift */; };
		3244A7591FF58EF400AB036A /* CoinsDetailsViewController.swift in Sources */ = {isa = PBXBuildFile; fileRef = 3244A7581FF58EF400AB036A /* CoinsDetailsViewController.swift */; };
		3244A75B1FF594C800AB036A /* HexColors.swift in Sources */ = {isa = PBXBuildFile; fileRef = 3244A75A1FF594C800AB036A /* HexColors.swift */; };
		324F4ADD1FF4C1D400FC5312 /* SettingsViewController.swift in Sources */ = {isa = PBXBuildFile; fileRef = 324F4ADC1FF4C1D400FC5312 /* SettingsViewController.swift */; };
		324F4ADF1FF4C26E00FC5312 /* WalletViewController.swift in Sources */ = {isa = PBXBuildFile; fileRef = 324F4ADE1FF4C26E00FC5312 /* WalletViewController.swift */; };
		324F4AE11FF4C43000FC5312 /* CoinsTableViewController.swift in Sources */ = {isa = PBXBuildFile; fileRef = 324F4AE01FF4C43000FC5312 /* CoinsTableViewController.swift */; };
		324F4AE31FF4C5C300FC5312 /* WalletCell.swift in Sources */ = {isa = PBXBuildFile; fileRef = 324F4AE21FF4C5C300FC5312 /* WalletCell.swift */; };
		324F4AE51FF4C61700FC5312 /* FeedCell.swift in Sources */ = {isa = PBXBuildFile; fileRef = 324F4AE41FF4C61700FC5312 /* FeedCell.swift */; };
		324F4AE71FF4C62400FC5312 /* FavCell.swift in Sources */ = {isa = PBXBuildFile; fileRef = 324F4AE61FF4C62300FC5312 /* FavCell.swift */; };
		326999E41FF5F8A10059122D /* FavoritesTableViewController.swift in Sources */ = {isa = PBXBuildFile; fileRef = 326999E31FF5F8A10059122D /* FavoritesTableViewController.swift */; };
		328F26801FF6354F002BB3E7 /* Data.swift in Sources */ = {isa = PBXBuildFile; fileRef = 328F267F1FF6354F002BB3E7 /* Data.swift */; };
		328F26821FF63566002BB3E7 /* Extensions.swift in Sources */ = {isa = PBXBuildFile; fileRef = 328F26811FF63566002BB3E7 /* Extensions.swift */; };
		32AFAB801FF38FC6006B608D /* AppDelegate.swift in Sources */ = {isa = PBXBuildFile; fileRef = 32AFAB7F1FF38FC6006B608D /* AppDelegate.swift */; };
		32AFAB871FF38FC6006B608D /* Main.storyboard in Resources */ = {isa = PBXBuildFile; fileRef = 32AFAB851FF38FC6006B608D /* Main.storyboard */; };
		32AFAB891FF38FC6006B608D /* Assets.xcassets in Resources */ = {isa = PBXBuildFile; fileRef = 32AFAB881FF38FC6006B608D /* Assets.xcassets */; };
		32AFAB8C1FF38FC6006B608D /* LaunchScreen.storyboard in Resources */ = {isa = PBXBuildFile; fileRef = 32AFAB8A1FF38FC6006B608D /* LaunchScreen.storyboard */; };
		32AFAB971FF38FC7006B608D /* CoinAuditTests.swift in Sources */ = {isa = PBXBuildFile; fileRef = 32AFAB961FF38FC7006B608D /* CoinAuditTests.swift */; };
		32AFABA21FF38FC7006B608D /* CoinAuditUITests.swift in Sources */ = {isa = PBXBuildFile; fileRef = 32AFABA11FF38FC7006B608D /* CoinAuditUITests.swift */; };
		32E84CDC1FF70EFA00D36D7C /* WalletEntry.swift in Sources */ = {isa = PBXBuildFile; fileRef = 32E84CDB1FF70EFA00D36D7C /* WalletEntry.swift */; };
		32FCD4051FF4AF1600B7AD32 /* CoinEntry.swift in Sources */ = {isa = PBXBuildFile; fileRef = 32FCD4041FF4AF1600B7AD32 /* CoinEntry.swift */; };
		7F9D0E32C21B7498D6D46409 /* Pods_CoinAudit.framework in Frameworks */ = {isa = PBXBuildFile; fileRef = 8F729D08ECD32281896AA74B /* Pods_CoinAudit.framework */; };
		A074DB28FB0419498BD73C07 /* Pods_CoinAuditTests.framework in Frameworks */ = {isa = PBXBuildFile; fileRef = 9EC070620B77882A0F540136 /* Pods_CoinAuditTests.framework */; };
		C2F3A21E1021C43AF6A2EF5D /* Pods_CoinAuditUITests.framework in Frameworks */ = {isa = PBXBuildFile; fileRef = AFEB71535DEFDDED5FF9E193 /* Pods_CoinAuditUITests.framework */; };
/* End PBXBuildFile section */

/* Begin PBXContainerItemProxy section */
		32AFAB931FF38FC7006B608D /* PBXContainerItemProxy */ = {
			isa = PBXContainerItemProxy;
			containerPortal = 32AFAB741FF38FC6006B608D /* Project object */;
			proxyType = 1;
			remoteGlobalIDString = 32AFAB7B1FF38FC6006B608D;
			remoteInfo = CoinAudit;
		};
		32AFAB9E1FF38FC7006B608D /* PBXContainerItemProxy */ = {
			isa = PBXContainerItemProxy;
			containerPortal = 32AFAB741FF38FC6006B608D /* Project object */;
			proxyType = 1;
			remoteGlobalIDString = 32AFAB7B1FF38FC6006B608D;
			remoteInfo = CoinAudit;
		};
/* End PBXContainerItemProxy section */

/* Begin PBXFileReference section */
		0DF4C8E55959804033BDB64E /* Pods-CoinAudit.release.xcconfig */ = {isa = PBXFileReference; includeInIndex = 1; lastKnownFileType = text.xcconfig; name = "Pods-CoinAudit.release.xcconfig"; path = "Pods/Target Support Files/Pods-CoinAudit/Pods-CoinAudit.release.xcconfig"; sourceTree = "<group>"; };
		322406181FF711BD0073555B /* AddWalletViewController.swift */ = {isa = PBXFileReference; lastKnownFileType = sourcecode.swift; path = AddWalletViewController.swift; sourceTree = "<group>"; };
		3244A7581FF58EF400AB036A /* CoinsDetailsViewController.swift */ = {isa = PBXFileReference; lastKnownFileType = sourcecode.swift; path = CoinsDetailsViewController.swift; sourceTree = "<group>"; };
		3244A75A1FF594C800AB036A /* HexColors.swift */ = {isa = PBXFileReference; lastKnownFileType = sourcecode.swift; path = HexColors.swift; sourceTree = "<group>"; };
		324F4ADC1FF4C1D400FC5312 /* SettingsViewController.swift */ = {isa = PBXFileReference; lastKnownFileType = sourcecode.swift; path = SettingsViewController.swift; sourceTree = "<group>"; };
		324F4ADE1FF4C26E00FC5312 /* WalletViewController.swift */ = {isa = PBXFileReference; lastKnownFileType = sourcecode.swift; path = WalletViewController.swift; sourceTree = "<group>"; };
		324F4AE01FF4C43000FC5312 /* CoinsTableViewController.swift */ = {isa = PBXFileReference; lastKnownFileType = sourcecode.swift; path = CoinsTableViewController.swift; sourceTree = "<group>"; };
		324F4AE21FF4C5C300FC5312 /* WalletCell.swift */ = {isa = PBXFileReference; lastKnownFileType = sourcecode.swift; path = WalletCell.swift; sourceTree = "<group>"; };
		324F4AE41FF4C61700FC5312 /* FeedCell.swift */ = {isa = PBXFileReference; lastKnownFileType = sourcecode.swift; path = FeedCell.swift; sourceTree = "<group>"; };
		324F4AE61FF4C62300FC5312 /* FavCell.swift */ = {isa = PBXFileReference; lastKnownFileType = sourcecode.swift; path = FavCell.swift; sourceTree = "<group>"; };
		326999E31FF5F8A10059122D /* FavoritesTableViewController.swift */ = {isa = PBXFileReference; lastKnownFileType = sourcecode.swift; path = FavoritesTableViewController.swift; sourceTree = "<group>"; };
		328F267F1FF6354F002BB3E7 /* Data.swift */ = {isa = PBXFileReference; lastKnownFileType = sourcecode.swift; path = Data.swift; sourceTree = "<group>"; };
		328F26811FF63566002BB3E7 /* Extensions.swift */ = {isa = PBXFileReference; lastKnownFileType = sourcecode.swift; path = Extensions.swift; sourceTree = "<group>"; };
		32AFAB7C1FF38FC6006B608D /* CoinAudit.app */ = {isa = PBXFileReference; explicitFileType = wrapper.application; includeInIndex = 0; path = CoinAudit.app; sourceTree = BUILT_PRODUCTS_DIR; };
		32AFAB7F1FF38FC6006B608D /* AppDelegate.swift */ = {isa = PBXFileReference; lastKnownFileType = sourcecode.swift; path = AppDelegate.swift; sourceTree = "<group>"; };
		32AFAB861FF38FC6006B608D /* Base */ = {isa = PBXFileReference; lastKnownFileType = file.storyboard; name = Base; path = Base.lproj/Main.storyboard; sourceTree = "<group>"; };
		32AFAB881FF38FC6006B608D /* Assets.xcassets */ = {isa = PBXFileReference; lastKnownFileType = folder.assetcatalog; path = Assets.xcassets; sourceTree = "<group>"; };
		32AFAB8B1FF38FC6006B608D /* Base */ = {isa = PBXFileReference; lastKnownFileType = file.storyboard; name = Base; path = Base.lproj/LaunchScreen.storyboard; sourceTree = "<group>"; };
		32AFAB8D1FF38FC6006B608D /* Info.plist */ = {isa = PBXFileReference; lastKnownFileType = text.plist.xml; path = Info.plist; sourceTree = "<group>"; };
		32AFAB921FF38FC7006B608D /* CoinAuditTests.xctest */ = {isa = PBXFileReference; explicitFileType = wrapper.cfbundle; includeInIndex = 0; path = CoinAuditTests.xctest; sourceTree = BUILT_PRODUCTS_DIR; };
		32AFAB961FF38FC7006B608D /* CoinAuditTests.swift */ = {isa = PBXFileReference; lastKnownFileType = sourcecode.swift; path = CoinAuditTests.swift; sourceTree = "<group>"; };
		32AFAB981FF38FC7006B608D /* Info.plist */ = {isa = PBXFileReference; lastKnownFileType = text.plist.xml; path = Info.plist; sourceTree = "<group>"; };
		32AFAB9D1FF38FC7006B608D /* CoinAuditUITests.xctest */ = {isa = PBXFileReference; explicitFileType = wrapper.cfbundle; includeInIndex = 0; path = CoinAuditUITests.xctest; sourceTree = BUILT_PRODUCTS_DIR; };
		32AFABA11FF38FC7006B608D /* CoinAuditUITests.swift */ = {isa = PBXFileReference; lastKnownFileType = sourcecode.swift; path = CoinAuditUITests.swift; sourceTree = "<group>"; };
		32AFABA31FF38FC7006B608D /* Info.plist */ = {isa = PBXFileReference; lastKnownFileType = text.plist.xml; path = Info.plist; sourceTree = "<group>"; };
		32E84CDB1FF70EFA00D36D7C /* WalletEntry.swift */ = {isa = PBXFileReference; lastKnownFileType = sourcecode.swift; path = WalletEntry.swift; sourceTree = "<group>"; };
		32FCD4041FF4AF1600B7AD32 /* CoinEntry.swift */ = {isa = PBXFileReference; lastKnownFileType = sourcecode.swift; path = CoinEntry.swift; sourceTree = "<group>"; };
		81B12373AEE1D49081F853D7 /* Pods-CoinAuditUITests.debug.xcconfig */ = {isa = PBXFileReference; includeInIndex = 1; lastKnownFileType = text.xcconfig; name = "Pods-CoinAuditUITests.debug.xcconfig"; path = "Pods/Target Support Files/Pods-CoinAuditUITests/Pods-CoinAuditUITests.debug.xcconfig"; sourceTree = "<group>"; };
		8F729D08ECD32281896AA74B /* Pods_CoinAudit.framework */ = {isa = PBXFileReference; explicitFileType = wrapper.framework; includeInIndex = 0; path = Pods_CoinAudit.framework; sourceTree = BUILT_PRODUCTS_DIR; };
		9EC070620B77882A0F540136 /* Pods_CoinAuditTests.framework */ = {isa = PBXFileReference; explicitFileType = wrapper.framework; includeInIndex = 0; path = Pods_CoinAuditTests.framework; sourceTree = BUILT_PRODUCTS_DIR; };
		AFEB71535DEFDDED5FF9E193 /* Pods_CoinAuditUITests.framework */ = {isa = PBXFileReference; explicitFileType = wrapper.framework; includeInIndex = 0; path = Pods_CoinAuditUITests.framework; sourceTree = BUILT_PRODUCTS_DIR; };
		C5BC740666C220707277522C /* Pods-CoinAuditUITests.release.xcconfig */ = {isa = PBXFileReference; includeInIndex = 1; lastKnownFileType = text.xcconfig; name = "Pods-CoinAuditUITests.release.xcconfig"; path = "Pods/Target Support Files/Pods-CoinAuditUITests/Pods-CoinAuditUITests.release.xcconfig"; sourceTree = "<group>"; };
		E15D328310A25106566DC7DB /* Pods-CoinAudit.debug.xcconfig */ = {isa = PBXFileReference; includeInIndex = 1; lastKnownFileType = text.xcconfig; name = "Pods-CoinAudit.debug.xcconfig"; path = "Pods/Target Support Files/Pods-CoinAudit/Pods-CoinAudit.debug.xcconfig"; sourceTree = "<group>"; };
		E60F0CC919625413592725E6 /* Pods-CoinAuditTests.release.xcconfig */ = {isa = PBXFileReference; includeInIndex = 1; lastKnownFileType = text.xcconfig; name = "Pods-CoinAuditTests.release.xcconfig"; path = "Pods/Target Support Files/Pods-CoinAuditTests/Pods-CoinAuditTests.release.xcconfig"; sourceTree = "<group>"; };
		EFBCBBC377ADC773B778D8A6 /* Pods-CoinAuditTests.debug.xcconfig */ = {isa = PBXFileReference; includeInIndex = 1; lastKnownFileType = text.xcconfig; name = "Pods-CoinAuditTests.debug.xcconfig"; path = "Pods/Target Support Files/Pods-CoinAuditTests/Pods-CoinAuditTests.debug.xcconfig"; sourceTree = "<group>"; };
/* End PBXFileReference section */

/* Begin PBXFrameworksBuildPhase section */
		32AFAB791FF38FC6006B608D /* Frameworks */ = {
			isa = PBXFrameworksBuildPhase;
			buildActionMask = 2147483647;
			files = (
				7F9D0E32C21B7498D6D46409 /* Pods_CoinAudit.framework in Frameworks */,
			);
			runOnlyForDeploymentPostprocessing = 0;
		};
		32AFAB8F1FF38FC7006B608D /* Frameworks */ = {
			isa = PBXFrameworksBuildPhase;
			buildActionMask = 2147483647;
			files = (
				A074DB28FB0419498BD73C07 /* Pods_CoinAuditTests.framework in Frameworks */,
			);
			runOnlyForDeploymentPostprocessing = 0;
		};
		32AFAB9A1FF38FC7006B608D /* Frameworks */ = {
			isa = PBXFrameworksBuildPhase;
			buildActionMask = 2147483647;
			files = (
				C2F3A21E1021C43AF6A2EF5D /* Pods_CoinAuditUITests.framework in Frameworks */,
			);
			runOnlyForDeploymentPostprocessing = 0;
		};
/* End PBXFrameworksBuildPhase section */

/* Begin PBXGroup section */
		32AFAB731FF38FC6006B608D = {
			isa = PBXGroup;
			children = (
				32AFAB7E1FF38FC6006B608D /* CoinAudit */,
				32AFAB951FF38FC7006B608D /* CoinAuditTests */,
				32AFABA01FF38FC7006B608D /* CoinAuditUITests */,
				32AFAB7D1FF38FC6006B608D /* Products */,
				6B6C6B6B09A36EB40DEA08E3 /* Pods */,
				4277160C04D471DB9572BA65 /* Frameworks */,
			);
			sourceTree = "<group>";
		};
		32AFAB7D1FF38FC6006B608D /* Products */ = {
			isa = PBXGroup;
			children = (
				32AFAB7C1FF38FC6006B608D /* CoinAudit.app */,
				32AFAB921FF38FC7006B608D /* CoinAuditTests.xctest */,
				32AFAB9D1FF38FC7006B608D /* CoinAuditUITests.xctest */,
			);
			name = Products;
			sourceTree = "<group>";
		};
		32AFAB7E1FF38FC6006B608D /* CoinAudit */ = {
			isa = PBXGroup;
			children = (
				32AFAB7F1FF38FC6006B608D /* AppDelegate.swift */,
				32FCD4011FF4AEC200B7AD32 /* ViewControllers */,
				32FCD4031FF4AEE000B7AD32 /* Models */,
				32AFAB881FF38FC6006B608D /* Assets.xcassets */,
				32AFAB851FF38FC6006B608D /* Main.storyboard */,
				32AFAB8A1FF38FC6006B608D /* LaunchScreen.storyboard */,
				32AFAB8D1FF38FC6006B608D /* Info.plist */,
			);
			path = CoinAudit;
			sourceTree = "<group>";
		};
		32AFAB951FF38FC7006B608D /* CoinAuditTests */ = {
			isa = PBXGroup;
			children = (
				32AFAB961FF38FC7006B608D /* CoinAuditTests.swift */,
				32AFAB981FF38FC7006B608D /* Info.plist */,
			);
			path = CoinAuditTests;
			sourceTree = "<group>";
		};
		32AFABA01FF38FC7006B608D /* CoinAuditUITests */ = {
			isa = PBXGroup;
			children = (
				32AFABA11FF38FC7006B608D /* CoinAuditUITests.swift */,
				32AFABA31FF38FC7006B608D /* Info.plist */,
			);
			path = CoinAuditUITests;
			sourceTree = "<group>";
		};
		32FCD4011FF4AEC200B7AD32 /* ViewControllers */ = {
			isa = PBXGroup;
			children = (
				324F4AE01FF4C43000FC5312 /* CoinsTableViewController.swift */,
				3244A7581FF58EF400AB036A /* CoinsDetailsViewController.swift */,
				326999E31FF5F8A10059122D /* FavoritesTableViewController.swift */,
				324F4ADE1FF4C26E00FC5312 /* WalletViewController.swift */,
				322406181FF711BD0073555B /* AddWalletViewController.swift */,
				324F4ADC1FF4C1D400FC5312 /* SettingsViewController.swift */,
			);
			path = ViewControllers;
			sourceTree = "<group>";
		};
		32FCD4031FF4AEE000B7AD32 /* Models */ = {
			isa = PBXGroup;
			children = (
				32FCD4041FF4AF1600B7AD32 /* CoinEntry.swift */,
				32E84CDB1FF70EFA00D36D7C /* WalletEntry.swift */,
				324F4AE21FF4C5C300FC5312 /* WalletCell.swift */,
				324F4AE41FF4C61700FC5312 /* FeedCell.swift */,
				324F4AE61FF4C62300FC5312 /* FavCell.swift */,
				3244A75A1FF594C800AB036A /* HexColors.swift */,
				328F267F1FF6354F002BB3E7 /* Data.swift */,
				328F26811FF63566002BB3E7 /* Extensions.swift */,
			);
			path = Models;
			sourceTree = "<group>";
		};
		4277160C04D471DB9572BA65 /* Frameworks */ = {
			isa = PBXGroup;
			children = (
				8F729D08ECD32281896AA74B /* Pods_CoinAudit.framework */,
				9EC070620B77882A0F540136 /* Pods_CoinAuditTests.framework */,
				AFEB71535DEFDDED5FF9E193 /* Pods_CoinAuditUITests.framework */,
			);
			name = Frameworks;
			sourceTree = "<group>";
		};
		6B6C6B6B09A36EB40DEA08E3 /* Pods */ = {
			isa = PBXGroup;
			children = (
				E15D328310A25106566DC7DB /* Pods-CoinAudit.debug.xcconfig */,
				0DF4C8E55959804033BDB64E /* Pods-CoinAudit.release.xcconfig */,
				EFBCBBC377ADC773B778D8A6 /* Pods-CoinAuditTests.debug.xcconfig */,
				E60F0CC919625413592725E6 /* Pods-CoinAuditTests.release.xcconfig */,
				81B12373AEE1D49081F853D7 /* Pods-CoinAuditUITests.debug.xcconfig */,
				C5BC740666C220707277522C /* Pods-CoinAuditUITests.release.xcconfig */,
			);
			name = Pods;
			sourceTree = "<group>";
		};
/* End PBXGroup section */

/* Begin PBXNativeTarget section */
		32AFAB7B1FF38FC6006B608D /* CoinAudit */ = {
			isa = PBXNativeTarget;
			buildConfigurationList = 32AFABA61FF38FC7006B608D /* Build configuration list for PBXNativeTarget "CoinAudit" */;
			buildPhases = (
				612567EF2BE5246C185E1972 /* [CP] Check Pods Manifest.lock */,
				32AFAB781FF38FC6006B608D /* Sources */,
				32AFAB791FF38FC6006B608D /* Frameworks */,
				32AFAB7A1FF38FC6006B608D /* Resources */,
				5A9186C0691C59A65F3F1727 /* [CP] Embed Pods Frameworks */,
				F897EEDD15AAB06D1E0F4977 /* [CP] Copy Pods Resources */,
			);
			buildRules = (
			);
			dependencies = (
			);
			name = CoinAudit;
			productName = CoinAudit;
			productReference = 32AFAB7C1FF38FC6006B608D /* CoinAudit.app */;
			productType = "com.apple.product-type.application";
		};
		32AFAB911FF38FC7006B608D /* CoinAuditTests */ = {
			isa = PBXNativeTarget;
			buildConfigurationList = 32AFABA91FF38FC7006B608D /* Build configuration list for PBXNativeTarget "CoinAuditTests" */;
			buildPhases = (
				B4E6E9C2A8FACA7D5E388D06 /* [CP] Check Pods Manifest.lock */,
				32AFAB8E1FF38FC7006B608D /* Sources */,
				32AFAB8F1FF38FC7006B608D /* Frameworks */,
				32AFAB901FF38FC7006B608D /* Resources */,
				50C20FDA1E3091F49F90A8F4 /* [CP] Embed Pods Frameworks */,
				8B08D8E59A24A187CD06A10C /* [CP] Copy Pods Resources */,
			);
			buildRules = (
			);
			dependencies = (
				32AFAB941FF38FC7006B608D /* PBXTargetDependency */,
			);
			name = CoinAuditTests;
			productName = CoinAuditTests;
			productReference = 32AFAB921FF38FC7006B608D /* CoinAuditTests.xctest */;
			productType = "com.apple.product-type.bundle.unit-test";
		};
		32AFAB9C1FF38FC7006B608D /* CoinAuditUITests */ = {
			isa = PBXNativeTarget;
			buildConfigurationList = 32AFABAC1FF38FC7006B608D /* Build configuration list for PBXNativeTarget "CoinAuditUITests" */;
			buildPhases = (
				7E23299FA353A2F34AB7FEBE /* [CP] Check Pods Manifest.lock */,
				32AFAB991FF38FC7006B608D /* Sources */,
				32AFAB9A1FF38FC7006B608D /* Frameworks */,
				32AFAB9B1FF38FC7006B608D /* Resources */,
				318504E40A80DA44A221EBB5 /* [CP] Embed Pods Frameworks */,
				93C8214385BC50A2D210F36E /* [CP] Copy Pods Resources */,
			);
			buildRules = (
			);
			dependencies = (
				32AFAB9F1FF38FC7006B608D /* PBXTargetDependency */,
			);
			name = CoinAuditUITests;
			productName = CoinAuditUITests;
			productReference = 32AFAB9D1FF38FC7006B608D /* CoinAuditUITests.xctest */;
			productType = "com.apple.product-type.bundle.ui-testing";
		};
/* End PBXNativeTarget section */

/* Begin PBXProject section */
		32AFAB741FF38FC6006B608D /* Project object */ = {
			isa = PBXProject;
			attributes = {
				LastSwiftUpdateCheck = 0920;
				LastUpgradeCheck = 0920;
				ORGANIZATIONNAME = "Ty Schenk";
				TargetAttributes = {
					32AFAB7B1FF38FC6006B608D = {
						CreatedOnToolsVersion = 9.2;
						LastSwiftMigration = 0920;
						ProvisioningStyle = Automatic;
					};
					32AFAB911FF38FC7006B608D = {
						CreatedOnToolsVersion = 9.2;
						ProvisioningStyle = Automatic;
						TestTargetID = 32AFAB7B1FF38FC6006B608D;
					};
					32AFAB9C1FF38FC7006B608D = {
						CreatedOnToolsVersion = 9.2;
						ProvisioningStyle = Automatic;
						TestTargetID = 32AFAB7B1FF38FC6006B608D;
					};
				};
			};
			buildConfigurationList = 32AFAB771FF38FC6006B608D /* Build configuration list for PBXProject "CoinAudit" */;
			compatibilityVersion = "Xcode 8.0";
			developmentRegion = en;
			hasScannedForEncodings = 0;
			knownRegions = (
				en,
				Base,
			);
			mainGroup = 32AFAB731FF38FC6006B608D;
			productRefGroup = 32AFAB7D1FF38FC6006B608D /* Products */;
			projectDirPath = "";
			projectRoot = "";
			targets = (
				32AFAB7B1FF38FC6006B608D /* CoinAudit */,
				32AFAB911FF38FC7006B608D /* CoinAuditTests */,
				32AFAB9C1FF38FC7006B608D /* CoinAuditUITests */,
			);
		};
/* End PBXProject section */

/* Begin PBXResourcesBuildPhase section */
		32AFAB7A1FF38FC6006B608D /* Resources */ = {
			isa = PBXResourcesBuildPhase;
			buildActionMask = 2147483647;
			files = (
				32AFAB8C1FF38FC6006B608D /* LaunchScreen.storyboard in Resources */,
				32AFAB891FF38FC6006B608D /* Assets.xcassets in Resources */,
				32AFAB871FF38FC6006B608D /* Main.storyboard in Resources */,
			);
			runOnlyForDeploymentPostprocessing = 0;
		};
		32AFAB901FF38FC7006B608D /* Resources */ = {
			isa = PBXResourcesBuildPhase;
			buildActionMask = 2147483647;
			files = (
			);
			runOnlyForDeploymentPostprocessing = 0;
		};
		32AFAB9B1FF38FC7006B608D /* Resources */ = {
			isa = PBXResourcesBuildPhase;
			buildActionMask = 2147483647;
			files = (
			);
			runOnlyForDeploymentPostprocessing = 0;
		};
/* End PBXResourcesBuildPhase section */

/* Begin PBXShellScriptBuildPhase section */
		318504E40A80DA44A221EBB5 /* [CP] Embed Pods Frameworks */ = {
			isa = PBXShellScriptBuildPhase;
			buildActionMask = 2147483647;
			files = (
			);
			inputPaths = (
			);
			name = "[CP] Embed Pods Frameworks";
			outputPaths = (
			);
			runOnlyForDeploymentPostprocessing = 0;
			shellPath = /bin/sh;
			shellScript = "\"${SRCROOT}/Pods/Target Support Files/Pods-CoinAuditUITests/Pods-CoinAuditUITests-frameworks.sh\"\n";
			showEnvVarsInLog = 0;
		};
		50C20FDA1E3091F49F90A8F4 /* [CP] Embed Pods Frameworks */ = {
			isa = PBXShellScriptBuildPhase;
			buildActionMask = 2147483647;
			files = (
			);
			inputPaths = (
			);
			name = "[CP] Embed Pods Frameworks";
			outputPaths = (
			);
			runOnlyForDeploymentPostprocessing = 0;
			shellPath = /bin/sh;
			shellScript = "\"${SRCROOT}/Pods/Target Support Files/Pods-CoinAuditTests/Pods-CoinAuditTests-frameworks.sh\"\n";
			showEnvVarsInLog = 0;
		};
		5A9186C0691C59A65F3F1727 /* [CP] Embed Pods Frameworks */ = {
			isa = PBXShellScriptBuildPhase;
			buildActionMask = 2147483647;
			files = (
			);
			inputPaths = (
				"${SRCROOT}/Pods/Target Support Files/Pods-CoinAudit/Pods-CoinAudit-frameworks.sh",
				"${BUILT_PRODUCTS_DIR}/Alamofire/Alamofire.framework",
				"${BUILT_PRODUCTS_DIR}/AlamofireImage/AlamofireImage.framework",
				"${BUILT_PRODUCTS_DIR}/AlamofireNetworkActivityIndicator/AlamofireNetworkActivityIndicator.framework",
				"${BUILT_PRODUCTS_DIR}/SearchTextField/SearchTextField.framework",
				"${BUILT_PRODUCTS_DIR}/SwiftSpinner/SwiftSpinner.framework",
			);
			name = "[CP] Embed Pods Frameworks";
			outputPaths = (
				"${TARGET_BUILD_DIR}/${FRAMEWORKS_FOLDER_PATH}/Alamofire.framework",
				"${TARGET_BUILD_DIR}/${FRAMEWORKS_FOLDER_PATH}/AlamofireImage.framework",
				"${TARGET_BUILD_DIR}/${FRAMEWORKS_FOLDER_PATH}/AlamofireNetworkActivityIndicator.framework",
				"${TARGET_BUILD_DIR}/${FRAMEWORKS_FOLDER_PATH}/SearchTextField.framework",
				"${TARGET_BUILD_DIR}/${FRAMEWORKS_FOLDER_PATH}/SwiftSpinner.framework",
			);
			runOnlyForDeploymentPostprocessing = 0;
			shellPath = /bin/sh;
			shellScript = "\"${SRCROOT}/Pods/Target Support Files/Pods-CoinAudit/Pods-CoinAudit-frameworks.sh\"\n";
			showEnvVarsInLog = 0;
		};
		612567EF2BE5246C185E1972 /* [CP] Check Pods Manifest.lock */ = {
			isa = PBXShellScriptBuildPhase;
			buildActionMask = 2147483647;
			files = (
			);
			inputPaths = (
				"${PODS_PODFILE_DIR_PATH}/Podfile.lock",
				"${PODS_ROOT}/Manifest.lock",
			);
			name = "[CP] Check Pods Manifest.lock";
			outputPaths = (
				"$(DERIVED_FILE_DIR)/Pods-CoinAudit-checkManifestLockResult.txt",
			);
			runOnlyForDeploymentPostprocessing = 0;
			shellPath = /bin/sh;
			shellScript = "diff \"${PODS_PODFILE_DIR_PATH}/Podfile.lock\" \"${PODS_ROOT}/Manifest.lock\" > /dev/null\nif [ $? != 0 ] ; then\n    # print error to STDERR\n    echo \"error: The sandbox is not in sync with the Podfile.lock. Run 'pod install' or update your CocoaPods installation.\" >&2\n    exit 1\nfi\n# This output is used by Xcode 'outputs' to avoid re-running this script phase.\necho \"SUCCESS\" > \"${SCRIPT_OUTPUT_FILE_0}\"\n";
			showEnvVarsInLog = 0;
		};
		7E23299FA353A2F34AB7FEBE /* [CP] Check Pods Manifest.lock */ = {
			isa = PBXShellScriptBuildPhase;
			buildActionMask = 2147483647;
			files = (
			);
			inputPaths = (
				"${PODS_PODFILE_DIR_PATH}/Podfile.lock",
				"${PODS_ROOT}/Manifest.lock",
			);
			name = "[CP] Check Pods Manifest.lock";
			outputPaths = (
				"$(DERIVED_FILE_DIR)/Pods-CoinAuditUITests-checkManifestLockResult.txt",
			);
			runOnlyForDeploymentPostprocessing = 0;
			shellPath = /bin/sh;
			shellScript = "diff \"${PODS_PODFILE_DIR_PATH}/Podfile.lock\" \"${PODS_ROOT}/Manifest.lock\" > /dev/null\nif [ $? != 0 ] ; then\n    # print error to STDERR\n    echo \"error: The sandbox is not in sync with the Podfile.lock. Run 'pod install' or update your CocoaPods installation.\" >&2\n    exit 1\nfi\n# This output is used by Xcode 'outputs' to avoid re-running this script phase.\necho \"SUCCESS\" > \"${SCRIPT_OUTPUT_FILE_0}\"\n";
			showEnvVarsInLog = 0;
		};
		8B08D8E59A24A187CD06A10C /* [CP] Copy Pods Resources */ = {
			isa = PBXShellScriptBuildPhase;
			buildActionMask = 2147483647;
			files = (
			);
			inputPaths = (
			);
			name = "[CP] Copy Pods Resources";
			outputPaths = (
			);
			runOnlyForDeploymentPostprocessing = 0;
			shellPath = /bin/sh;
			shellScript = "\"${SRCROOT}/Pods/Target Support Files/Pods-CoinAuditTests/Pods-CoinAuditTests-resources.sh\"\n";
			showEnvVarsInLog = 0;
		};
		93C8214385BC50A2D210F36E /* [CP] Copy Pods Resources */ = {
			isa = PBXShellScriptBuildPhase;
			buildActionMask = 2147483647;
			files = (
			);
			inputPaths = (
			);
			name = "[CP] Copy Pods Resources";
			outputPaths = (
			);
			runOnlyForDeploymentPostprocessing = 0;
			shellPath = /bin/sh;
			shellScript = "\"${SRCROOT}/Pods/Target Support Files/Pods-CoinAuditUITests/Pods-CoinAuditUITests-resources.sh\"\n";
			showEnvVarsInLog = 0;
		};
		B4E6E9C2A8FACA7D5E388D06 /* [CP] Check Pods Manifest.lock */ = {
			isa = PBXShellScriptBuildPhase;
			buildActionMask = 2147483647;
			files = (
			);
			inputPaths = (
				"${PODS_PODFILE_DIR_PATH}/Podfile.lock",
				"${PODS_ROOT}/Manifest.lock",
			);
			name = "[CP] Check Pods Manifest.lock";
			outputPaths = (
				"$(DERIVED_FILE_DIR)/Pods-CoinAuditTests-checkManifestLockResult.txt",
			);
			runOnlyForDeploymentPostprocessing = 0;
			shellPath = /bin/sh;
			shellScript = "diff \"${PODS_PODFILE_DIR_PATH}/Podfile.lock\" \"${PODS_ROOT}/Manifest.lock\" > /dev/null\nif [ $? != 0 ] ; then\n    # print error to STDERR\n    echo \"error: The sandbox is not in sync with the Podfile.lock. Run 'pod install' or update your CocoaPods installation.\" >&2\n    exit 1\nfi\n# This output is used by Xcode 'outputs' to avoid re-running this script phase.\necho \"SUCCESS\" > \"${SCRIPT_OUTPUT_FILE_0}\"\n";
			showEnvVarsInLog = 0;
		};
		F897EEDD15AAB06D1E0F4977 /* [CP] Copy Pods Resources */ = {
			isa = PBXShellScriptBuildPhase;
			buildActionMask = 2147483647;
			files = (
			);
			inputPaths = (
			);
			name = "[CP] Copy Pods Resources";
			outputPaths = (
			);
			runOnlyForDeploymentPostprocessing = 0;
			shellPath = /bin/sh;
			shellScript = "\"${SRCROOT}/Pods/Target Support Files/Pods-CoinAudit/Pods-CoinAudit-resources.sh\"\n";
			showEnvVarsInLog = 0;
		};
/* End PBXShellScriptBuildPhase section */

/* Begin PBXSourcesBuildPhase section */
		32AFAB781FF38FC6006B608D /* Sources */ = {
			isa = PBXSourcesBuildPhase;
			buildActionMask = 2147483647;
			files = (
				3244A7591FF58EF400AB036A /* CoinsDetailsViewController.swift in Sources */,
				32E84CDC1FF70EFA00D36D7C /* WalletEntry.swift in Sources */,
				326999E41FF5F8A10059122D /* FavoritesTableViewController.swift in Sources */,
				324F4AE51FF4C61700FC5312 /* FeedCell.swift in Sources */,
				32FCD4051FF4AF1600B7AD32 /* CoinEntry.swift in Sources */,
				324F4ADF1FF4C26E00FC5312 /* WalletViewController.swift in Sources */,
				324F4AE11FF4C43000FC5312 /* CoinsTableViewController.swift in Sources */,
				32AFAB801FF38FC6006B608D /* AppDelegate.swift in Sources */,
				328F26801FF6354F002BB3E7 /* Data.swift in Sources */,
				328F26821FF63566002BB3E7 /* Extensions.swift in Sources */,
				322406191FF711BD0073555B /* AddWalletViewController.swift in Sources */,
				324F4AE71FF4C62400FC5312 /* FavCell.swift in Sources */,
				3244A75B1FF594C800AB036A /* HexColors.swift in Sources */,
				324F4AE31FF4C5C300FC5312 /* WalletCell.swift in Sources */,
				324F4ADD1FF4C1D400FC5312 /* SettingsViewController.swift in Sources */,
			);
			runOnlyForDeploymentPostprocessing = 0;
		};
		32AFAB8E1FF38FC7006B608D /* Sources */ = {
			isa = PBXSourcesBuildPhase;
			buildActionMask = 2147483647;
			files = (
				32AFAB971FF38FC7006B608D /* CoinAuditTests.swift in Sources */,
			);
			runOnlyForDeploymentPostprocessing = 0;
		};
		32AFAB991FF38FC7006B608D /* Sources */ = {
			isa = PBXSourcesBuildPhase;
			buildActionMask = 2147483647;
			files = (
				32AFABA21FF38FC7006B608D /* CoinAuditUITests.swift in Sources */,
			);
			runOnlyForDeploymentPostprocessing = 0;
		};
/* End PBXSourcesBuildPhase section */

/* Begin PBXTargetDependency section */
		32AFAB941FF38FC7006B608D /* PBXTargetDependency */ = {
			isa = PBXTargetDependency;
			target = 32AFAB7B1FF38FC6006B608D /* CoinAudit */;
			targetProxy = 32AFAB931FF38FC7006B608D /* PBXContainerItemProxy */;
		};
		32AFAB9F1FF38FC7006B608D /* PBXTargetDependency */ = {
			isa = PBXTargetDependency;
			target = 32AFAB7B1FF38FC6006B608D /* CoinAudit */;
			targetProxy = 32AFAB9E1FF38FC7006B608D /* PBXContainerItemProxy */;
		};
/* End PBXTargetDependency section */

/* Begin PBXVariantGroup section */
		32AFAB851FF38FC6006B608D /* Main.storyboard */ = {
			isa = PBXVariantGroup;
			children = (
				32AFAB861FF38FC6006B608D /* Base */,
			);
			name = Main.storyboard;
			sourceTree = "<group>";
		};
		32AFAB8A1FF38FC6006B608D /* LaunchScreen.storyboard */ = {
			isa = PBXVariantGroup;
			children = (
				32AFAB8B1FF38FC6006B608D /* Base */,
			);
			name = LaunchScreen.storyboard;
			sourceTree = "<group>";
		};
/* End PBXVariantGroup section */

/* Begin XCBuildConfiguration section */
		32AFABA41FF38FC7006B608D /* Debug */ = {
			isa = XCBuildConfiguration;
			buildSettings = {
				ALWAYS_SEARCH_USER_PATHS = NO;
				CLANG_ANALYZER_NONNULL = YES;
				CLANG_ANALYZER_NUMBER_OBJECT_CONVERSION = YES_AGGRESSIVE;
				CLANG_CXX_LANGUAGE_STANDARD = "gnu++14";
				CLANG_CXX_LIBRARY = "libc++";
				CLANG_ENABLE_MODULES = YES;
				CLANG_ENABLE_OBJC_ARC = YES;
				CLANG_WARN_BLOCK_CAPTURE_AUTORELEASING = YES;
				CLANG_WARN_BOOL_CONVERSION = YES;
				CLANG_WARN_COMMA = YES;
				CLANG_WARN_CONSTANT_CONVERSION = YES;
				CLANG_WARN_DIRECT_OBJC_ISA_USAGE = YES_ERROR;
				CLANG_WARN_DOCUMENTATION_COMMENTS = YES;
				CLANG_WARN_EMPTY_BODY = YES;
				CLANG_WARN_ENUM_CONVERSION = YES;
				CLANG_WARN_INFINITE_RECURSION = YES;
				CLANG_WARN_INT_CONVERSION = YES;
				CLANG_WARN_NON_LITERAL_NULL_CONVERSION = YES;
				CLANG_WARN_OBJC_LITERAL_CONVERSION = YES;
				CLANG_WARN_OBJC_ROOT_CLASS = YES_ERROR;
				CLANG_WARN_RANGE_LOOP_ANALYSIS = YES;
				CLANG_WARN_STRICT_PROTOTYPES = YES;
				CLANG_WARN_SUSPICIOUS_MOVE = YES;
				CLANG_WARN_UNGUARDED_AVAILABILITY = YES_AGGRESSIVE;
				CLANG_WARN_UNREACHABLE_CODE = YES;
				CLANG_WARN__DUPLICATE_METHOD_MATCH = YES;
				CODE_SIGN_IDENTITY = "iPhone Developer";
				COPY_PHASE_STRIP = NO;
				DEBUG_INFORMATION_FORMAT = dwarf;
				ENABLE_STRICT_OBJC_MSGSEND = YES;
				ENABLE_TESTABILITY = YES;
				GCC_C_LANGUAGE_STANDARD = gnu11;
				GCC_DYNAMIC_NO_PIC = NO;
				GCC_NO_COMMON_BLOCKS = YES;
				GCC_OPTIMIZATION_LEVEL = 0;
				GCC_PREPROCESSOR_DEFINITIONS = (
					"DEBUG=1",
					"$(inherited)",
				);
				GCC_WARN_64_TO_32_BIT_CONVERSION = YES;
				GCC_WARN_ABOUT_RETURN_TYPE = YES_ERROR;
				GCC_WARN_UNDECLARED_SELECTOR = YES;
				GCC_WARN_UNINITIALIZED_AUTOS = YES_AGGRESSIVE;
				GCC_WARN_UNUSED_FUNCTION = YES;
				GCC_WARN_UNUSED_VARIABLE = YES;
				IPHONEOS_DEPLOYMENT_TARGET = 11.2;
				MTL_ENABLE_DEBUG_INFO = YES;
				ONLY_ACTIVE_ARCH = YES;
				SDKROOT = iphoneos;
				SWIFT_ACTIVE_COMPILATION_CONDITIONS = DEBUG;
				SWIFT_OPTIMIZATION_LEVEL = "-Onone";
			};
			name = Debug;
		};
		32AFABA51FF38FC7006B608D /* Release */ = {
			isa = XCBuildConfiguration;
			buildSettings = {
				ALWAYS_SEARCH_USER_PATHS = NO;
				CLANG_ANALYZER_NONNULL = YES;
				CLANG_ANALYZER_NUMBER_OBJECT_CONVERSION = YES_AGGRESSIVE;
				CLANG_CXX_LANGUAGE_STANDARD = "gnu++14";
				CLANG_CXX_LIBRARY = "libc++";
				CLANG_ENABLE_MODULES = YES;
				CLANG_ENABLE_OBJC_ARC = YES;
				CLANG_WARN_BLOCK_CAPTURE_AUTORELEASING = YES;
				CLANG_WARN_BOOL_CONVERSION = YES;
				CLANG_WARN_COMMA = YES;
				CLANG_WARN_CONSTANT_CONVERSION = YES;
				CLANG_WARN_DIRECT_OBJC_ISA_USAGE = YES_ERROR;
				CLANG_WARN_DOCUMENTATION_COMMENTS = YES;
				CLANG_WARN_EMPTY_BODY = YES;
				CLANG_WARN_ENUM_CONVERSION = YES;
				CLANG_WARN_INFINITE_RECURSION = YES;
				CLANG_WARN_INT_CONVERSION = YES;
				CLANG_WARN_NON_LITERAL_NULL_CONVERSION = YES;
				CLANG_WARN_OBJC_LITERAL_CONVERSION = YES;
				CLANG_WARN_OBJC_ROOT_CLASS = YES_ERROR;
				CLANG_WARN_RANGE_LOOP_ANALYSIS = YES;
				CLANG_WARN_STRICT_PROTOTYPES = YES;
				CLANG_WARN_SUSPICIOUS_MOVE = YES;
				CLANG_WARN_UNGUARDED_AVAILABILITY = YES_AGGRESSIVE;
				CLANG_WARN_UNREACHABLE_CODE = YES;
				CLANG_WARN__DUPLICATE_METHOD_MATCH = YES;
				CODE_SIGN_IDENTITY = "iPhone Developer";
				COPY_PHASE_STRIP = NO;
				DEBUG_INFORMATION_FORMAT = "dwarf-with-dsym";
				ENABLE_NS_ASSERTIONS = NO;
				ENABLE_STRICT_OBJC_MSGSEND = YES;
				GCC_C_LANGUAGE_STANDARD = gnu11;
				GCC_NO_COMMON_BLOCKS = YES;
				GCC_WARN_64_TO_32_BIT_CONVERSION = YES;
				GCC_WARN_ABOUT_RETURN_TYPE = YES_ERROR;
				GCC_WARN_UNDECLARED_SELECTOR = YES;
				GCC_WARN_UNINITIALIZED_AUTOS = YES_AGGRESSIVE;
				GCC_WARN_UNUSED_FUNCTION = YES;
				GCC_WARN_UNUSED_VARIABLE = YES;
				IPHONEOS_DEPLOYMENT_TARGET = 11.2;
				MTL_ENABLE_DEBUG_INFO = NO;
				SDKROOT = iphoneos;
				SWIFT_OPTIMIZATION_LEVEL = "-Owholemodule";
				VALIDATE_PRODUCT = YES;
			};
			name = Release;
		};
		32AFABA71FF38FC7006B608D /* Debug */ = {
			isa = XCBuildConfiguration;
			baseConfigurationReference = E15D328310A25106566DC7DB /* Pods-CoinAudit.debug.xcconfig */;
			buildSettings = {
				ASSETCATALOG_COMPILER_APPICON_NAME = AppIcon;
				CODE_SIGN_STYLE = Automatic;
				DEVELOPMENT_TEAM = 8AYF758EP8;
				FRAMEWORK_SEARCH_PATHS = (
					"$(inherited)",
					"$(PROJECT_DIR)",
				);
				INFOPLIST_FILE = CoinAudit/Info.plist;
				IPHONEOS_DEPLOYMENT_TARGET = 11.0;
				LD_RUNPATH_SEARCH_PATHS = "$(inherited) @executable_path/Frameworks";
				PRODUCT_BUNDLE_IDENTIFIER = com.tschenk.coins;
				PRODUCT_NAME = "$(TARGET_NAME)";
				SWIFT_VERSION = 4.0;
				TARGETED_DEVICE_FAMILY = "1,2";
			};
			name = Debug;
		};
		32AFABA81FF38FC7006B608D /* Release */ = {
			isa = XCBuildConfiguration;
			baseConfigurationReference = 0DF4C8E55959804033BDB64E /* Pods-CoinAudit.release.xcconfig */;
			buildSettings = {
				ASSETCATALOG_COMPILER_APPICON_NAME = AppIcon;
				CODE_SIGN_STYLE = Automatic;
				DEVELOPMENT_TEAM = 8AYF758EP8;
				FRAMEWORK_SEARCH_PATHS = (
					"$(inherited)",
					"$(PROJECT_DIR)",
				);
				INFOPLIST_FILE = CoinAudit/Info.plist;
				IPHONEOS_DEPLOYMENT_TARGET = 11.0;
				LD_RUNPATH_SEARCH_PATHS = "$(inherited) @executable_path/Frameworks";
				PRODUCT_BUNDLE_IDENTIFIER = com.tschenk.coins;
				PRODUCT_NAME = "$(TARGET_NAME)";
				SWIFT_VERSION = 4.0;
				TARGETED_DEVICE_FAMILY = "1,2";
			};
			name = Release;
		};
		32AFABAA1FF38FC7006B608D /* Debug */ = {
			isa = XCBuildConfiguration;
			baseConfigurationReference = EFBCBBC377ADC773B778D8A6 /* Pods-CoinAuditTests.debug.xcconfig */;
			buildSettings = {
				ALWAYS_EMBED_SWIFT_STANDARD_LIBRARIES = YES;
				BUNDLE_LOADER = "$(TEST_HOST)";
				CODE_SIGN_STYLE = Automatic;
				DEVELOPMENT_TEAM = 8AYF758EP8;
				INFOPLIST_FILE = CoinAuditTests/Info.plist;
				LD_RUNPATH_SEARCH_PATHS = "$(inherited) @executable_path/Frameworks @loader_path/Frameworks";
				PRODUCT_BUNDLE_IDENTIFIER = com.tschenk.CoinAuditTests;
				PRODUCT_NAME = "$(TARGET_NAME)";
				SWIFT_VERSION = 4.0;
				TARGETED_DEVICE_FAMILY = "1,2";
				TEST_HOST = "$(BUILT_PRODUCTS_DIR)/CoinAudit.app/CoinAudit";
			};
			name = Debug;
		};
		32AFABAB1FF38FC7006B608D /* Release */ = {
			isa = XCBuildConfiguration;
			baseConfigurationReference = E60F0CC919625413592725E6 /* Pods-CoinAuditTests.release.xcconfig */;
			buildSettings = {
				ALWAYS_EMBED_SWIFT_STANDARD_LIBRARIES = YES;
				BUNDLE_LOADER = "$(TEST_HOST)";
				CODE_SIGN_STYLE = Automatic;
				DEVELOPMENT_TEAM = 8AYF758EP8;
				INFOPLIST_FILE = CoinAuditTests/Info.plist;
				LD_RUNPATH_SEARCH_PATHS = "$(inherited) @executable_path/Frameworks @loader_path/Frameworks";
				PRODUCT_BUNDLE_IDENTIFIER = com.tschenk.CoinAuditTests;
				PRODUCT_NAME = "$(TARGET_NAME)";
				SWIFT_VERSION = 4.0;
				TARGETED_DEVICE_FAMILY = "1,2";
				TEST_HOST = "$(BUILT_PRODUCTS_DIR)/CoinAudit.app/CoinAudit";
			};
			name = Release;
		};
		32AFABAD1FF38FC7006B608D /* Debug */ = {
			isa = XCBuildConfiguration;
			baseConfigurationReference = 81B12373AEE1D49081F853D7 /* Pods-CoinAuditUITests.debug.xcconfig */;
			buildSettings = {
				ALWAYS_EMBED_SWIFT_STANDARD_LIBRARIES = YES;
				CODE_SIGN_STYLE = Automatic;
				DEVELOPMENT_TEAM = 8AYF758EP8;
				INFOPLIST_FILE = CoinAuditUITests/Info.plist;
				LD_RUNPATH_SEARCH_PATHS = "$(inherited) @executable_path/Frameworks @loader_path/Frameworks";
				PRODUCT_BUNDLE_IDENTIFIER = com.tschenk.CoinAuditUITests;
				PRODUCT_NAME = "$(TARGET_NAME)";
				SWIFT_VERSION = 4.0;
				TARGETED_DEVICE_FAMILY = "1,2";
				TEST_TARGET_NAME = CoinAudit;
			};
			name = Debug;
		};
		32AFABAE1FF38FC7006B608D /* Release */ = {
			isa = XCBuildConfiguration;
			baseConfigurationReference = C5BC740666C220707277522C /* Pods-CoinAuditUITests.release.xcconfig */;
			buildSettings = {
				ALWAYS_EMBED_SWIFT_STANDARD_LIBRARIES = YES;
				CODE_SIGN_STYLE = Automatic;
				DEVELOPMENT_TEAM = 8AYF758EP8;
				INFOPLIST_FILE = CoinAuditUITests/Info.plist;
				LD_RUNPATH_SEARCH_PATHS = "$(inherited) @executable_path/Frameworks @loader_path/Frameworks";
				PRODUCT_BUNDLE_IDENTIFIER = com.tschenk.CoinAuditUITests;
				PRODUCT_NAME = "$(TARGET_NAME)";
				SWIFT_VERSION = 4.0;
				TARGETED_DEVICE_FAMILY = "1,2";
				TEST_TARGET_NAME = CoinAudit;
			};
			name = Release;
		};
/* End XCBuildConfiguration section */

/* Begin XCConfigurationList section */
		32AFAB771FF38FC6006B608D /* Build configuration list for PBXProject "CoinAudit" */ = {
			isa = XCConfigurationList;
			buildConfigurations = (
				32AFABA41FF38FC7006B608D /* Debug */,
				32AFABA51FF38FC7006B608D /* Release */,
			);
			defaultConfigurationIsVisible = 0;
			defaultConfigurationName = Release;
		};
		32AFABA61FF38FC7006B608D /* Build configuration list for PBXNativeTarget "CoinAudit" */ = {
			isa = XCConfigurationList;
			buildConfigurations = (
				32AFABA71FF38FC7006B608D /* Debug */,
				32AFABA81FF38FC7006B608D /* Release */,
			);
			defaultConfigurationIsVisible = 0;
			defaultConfigurationName = Release;
		};
		32AFABA91FF38FC7006B608D /* Build configuration list for PBXNativeTarget "CoinAuditTests" */ = {
			isa = XCConfigurationList;
			buildConfigurations = (
				32AFABAA1FF38FC7006B608D /* Debug */,
				32AFABAB1FF38FC7006B608D /* Release */,
			);
			defaultConfigurationIsVisible = 0;
			defaultConfigurationName = Release;
		};
		32AFABAC1FF38FC7006B608D /* Build configuration list for PBXNativeTarget "CoinAuditUITests" */ = {
			isa = XCConfigurationList;
			buildConfigurations = (
				32AFABAD1FF38FC7006B608D /* Debug */,
				32AFABAE1FF38FC7006B608D /* Release */,
			);
			defaultConfigurationIsVisible = 0;
			defaultConfigurationName = Release;
		};
/* End XCConfigurationList section */
	};
	rootObject = 32AFAB741FF38FC6006B608D /* Project object */;
}
